
Microsoft Visual Studio Solution File, Format Version 12.00
# Visual Studio Version 16
VisualStudioVersion = 16.0.31129.286
MinimumVisualStudioVersion = 10.0.40219.1
Project("{FAE04EC0-301F-11D3-BF4B-00C04F79EFBC}") = "Abiturients", "Abiturients\Abiturients.csproj", "{AA70A22D-0A60-428E-8708-983084772EDD}"
EndProject
Project("{54435603-DBB4-11D2-8724-00A0C9A8B90C}") = "SetupAbiturients", "SetupAbiturients\SetupAbiturients.vdproj", "{87BDA0BB-086D-4649-A1DF-506990FA10CF}"
EndProject
Project("{FAE04EC0-301F-11D3-BF4B-00C04F79EFBC}") = "AbiturientsTests1", "AbiturientsTests1\AbiturientsTests1.csproj", "{5725F9B6-32F8-4769-8907-53EB0D367DA9}"
EndProject
Global
	GlobalSection(SolutionConfigurationPlatforms) = preSolution
		Debug|Any CPU = Debug|Any CPU
		Release|Any CPU = Release|Any CPU
	EndGlobalSection
	GlobalSection(ProjectConfigurationPlatforms) = postSolution
		{AA70A22D-0A60-428E-8708-983084772EDD}.Debug|Any CPU.ActiveCfg = Debug|Any CPU
		{AA70A22D-0A60-428E-8708-983084772EDD}.Debug|Any CPU.Build.0 = Debug|Any CPU
		{AA70A22D-0A60-428E-8708-983084772EDD}.Release|Any CPU.ActiveCfg = Release|Any CPU
		{AA70A22D-0A60-428E-8708-983084772EDD}.Release|Any CPU.Build.0 = Release|Any CPU
		{87BDA0BB-086D-4649-A1DF-506990FA10CF}.Debug|Any CPU.ActiveCfg = Debug
		{87BDA0BB-086D-4649-A1DF-506990FA10CF}.Release|Any CPU.ActiveCfg = Release
		{5725F9B6-32F8-4769-8907-53EB0D367DA9}.Debug|Any CPU.ActiveCfg = Debug|Any CPU
		{5725F9B6-32F8-4769-8907-53EB0D367DA9}.Debug|Any CPU.Build.0 = Debug|Any CPU
		{5725F9B6-32F8-4769-8907-53EB0D367DA9}.Release|Any CPU.ActiveCfg = Release|Any CPU
		{5725F9B6-32F8-4769-8907-53EB0D367DA9}.Release|Any CPU.Build.0 = Release|Any CPU
	EndGlobalSection
	GlobalSection(SolutionProperties) = preSolution
		HideSolutionNode = FALSE
	EndGlobalSection
	GlobalSection(ExtensibilityGlobals) = postSolution
		SolutionGuid = {10C1DC8E-3BBC-4EE3-BCDB-44566E348F04}
	EndGlobalSection
EndGlobal
